
Microsoft Visual Studio Solution File, Format Version 12.00
# Visual Studio Version 16
VisualStudioVersion = 16.0.31624.102
MinimumVisualStudioVersion = 10.0.40219.1
Project("{9A19103F-16F7-4668-BE54-9A1E7A4F7556}") = "StateCSharp", "StateCSharp\StateCSharp.csproj", "{08DFA0F1-8954-48CF-9DC4-55CA8CE46631}"
EndProject
Global
	GlobalSection(SolutionConfigurationPlatforms) = preSolution
		Debug|Any CPU = Debug|Any CPU
		Debug|x64 = Debug|x64
		Release|Any CPU = Release|Any CPU
		Release|x64 = Release|x64
	EndGlobalSection
	GlobalSection(ProjectConfigurationPlatforms) = postSolution
		{08DFA0F1-8954-48CF-9DC4-55CA8CE46631}.Debug|Any CPU.ActiveCfg = Debug|Any CPU
		{08DFA0F1-8954-48CF-9DC4-55CA8CE46631}.Debug|Any CPU.Build.0 = Debug|Any CPU
		{08DFA0F1-8954-48CF-9DC4-55CA8CE46631}.Debug|x64.ActiveCfg = Debug|Any CPU
		{08DFA0F1-8954-48CF-9DC4-55CA8CE46631}.Debug|x64.Build.0 = Debug|Any CPU
		{08DFA0F1-8954-48CF-9DC4-55CA8CE46631}.Release|Any CPU.ActiveCfg = Release|Any CPU
		{08DFA0F1-8954-48CF-9DC4-55CA8CE46631}.Release|Any CPU.Build.0 = Release|Any CPU
		{08DFA0F1-8954-48CF-9DC4-55CA8CE46631}.Release|x64.ActiveCfg = Release|Any CPU
		{08DFA0F1-8954-48CF-9DC4-55CA8CE46631}.Release|x64.Build.0 = Release|Any CPU
	EndGlobalSection
	GlobalSection(SolutionProperties) = preSolution
		HideSolutionNode = FALSE
	EndGlobalSection
	GlobalSection(ExtensibilityGlobals) = postSolution
		SolutionGuid = {86236AE4-9C45-4A65-828F-3A95A9600327}
	EndGlobalSection
EndGlobal
